<?xml version="1.0" encoding="utf-8"?>
<Project ToolsVersion="4.0" xmlns="http://schemas.microsoft.com/developer/msbuild/2003">
  <ItemGroup>
    <Filter Include="ソース ファイル">
      <UniqueIdentifier>{4FC737F1-C7A5-4376-A066-2A32D752A2FF}</UniqueIdentifier>
      <Extensions>cpp;c;cc;cxx;c++;cppm;ixx;def;odl;idl;hpj;bat;asm;asmx</Extensions>
    </Filter>
    <Filter Include="ヘッダー ファイル">
      <UniqueIdentifier>{93995380-89BD-4b04-88EB-625FBE52EBFB}</UniqueIdentifier>
      <Extensions>h;hh;hpp;hxx;h++;hm;inl;inc;ipp;xsd</Extensions>
    </Filter>
    <Filter Include="リソース ファイル">
      <UniqueIdentifier>{67DA6AB6-F800-4c08-8B7A-83BB121AAD01}</UniqueIdentifier>
      <Extensions>rc;ico;cur;bmp;dlg;rc2;rct;bin;rgs;gif;jpg;jpeg;jpe;resx;tiff;tif;png;wav;mfcribbon-ms</Extensions>
    </Filter>
    <Filter Include="シェーダファイル">
      <UniqueIdentifier>{26fa6fd9-a8a2-45c5-87b8-2c5d86beeae3}</UniqueIdentifier>
    </Filter>
    <Filter Include="ソース ファイル\GameObj">
      <UniqueIdentifier>{2704b5cc-6150-4788-8530-3db552511423}</UniqueIdentifier>
    </Filter>
    <Filter Include="ヘッダー ファイル\GameObj">
      <UniqueIdentifier>{a496c7c3-ca90-490c-89a3-70dc2c79b904}</UniqueIdentifier>
    </Filter>
    <Filter Include="ソース ファイル\Engine">
      <UniqueIdentifier>{a0a3fe55-d343-4c3b-8b5e-b08bd4239eef}</UniqueIdentifier>
    </Filter>
    <Filter Include="ヘッダー ファイル\Engine">
      <UniqueIdentifier>{1fdbfd5d-cf60-414a-ba86-1525aa544f0f}</UniqueIdentifier>
    </Filter>
    <Filter Include="ソース ファイル\Scene">
      <UniqueIdentifier>{403fe953-70a8-4edf-8de7-70697a95c623}</UniqueIdentifier>
    </Filter>
    <Filter Include="ヘッダー ファイル\Scene">
      <UniqueIdentifier>{d8b49c53-9d81-4121-901d-388b2b14c950}</UniqueIdentifier>
    </Filter>
  </ItemGroup>
  <ItemGroup>
    <ClCompile Include="DirectXApp\main.cpp">
      <Filter>ソース ファイル</Filter>
    </ClCompile>
    <ClCompile Include="DirectXApp\WatashiEngine.cpp">
      <Filter>ソース ファイル</Filter>
    </ClCompile>
    <ClCompile Include="DirectXApp\Player.cpp">
      <Filter>ソース ファイル\GameObj</Filter>
    </ClCompile>
    <ClCompile Include="DirectXApp\Bullet.cpp">
      <Filter>ソース ファイル\GameObj</Filter>
    </ClCompile>
    <ClCompile Include="DirectXApp\Enemy.cpp">
      <Filter>ソース ファイル\GameObj</Filter>
    </ClCompile>
    <ClCompile Include="DirectXApp\Actor.cpp">
      <Filter>ソース ファイル\Engine</Filter>
    </ClCompile>
    <ClCompile Include="DirectXApp\Audio.cpp">
      <Filter>ソース ファイル\Engine</Filter>
    </ClCompile>
    <ClCompile Include="DirectXApp\Camera.cpp">
      <Filter>ソース ファイル\Engine</Filter>
    </ClCompile>
    <ClCompile Include="DirectXApp\Collision.cpp">
      <Filter>ソース ファイル\Engine</Filter>
    </ClCompile>
    <ClCompile Include="DirectXApp\Dx12App.cpp">
      <Filter>ソース ファイル\Engine</Filter>
    </ClCompile>
    <ClCompile Include="DirectXApp\Easings.cpp">
      <Filter>ソース ファイル\Engine</Filter>
    </ClCompile>
    <ClCompile Include="DirectXApp\FrameRate.cpp">
      <Filter>ソース ファイル\Engine</Filter>
    </ClCompile>
    <ClCompile Include="DirectXApp\Gage.cpp">
      <Filter>ソース ファイル\Engine</Filter>
    </ClCompile>
    <ClCompile Include="DirectXApp\Input.cpp">
      <Filter>ソース ファイル\Engine</Filter>
    </ClCompile>
    <ClCompile Include="DirectXApp\Light.cpp">
      <Filter>ソース ファイル\Engine</Filter>
    </ClCompile>
    <ClCompile Include="DirectXApp\Material.cpp">
      <Filter>ソース ファイル\Engine</Filter>
    </ClCompile>
    <ClCompile Include="DirectXApp\Mesh.cpp">
      <Filter>ソース ファイル\Engine</Filter>
    </ClCompile>
    <ClCompile Include="DirectXApp\Model.cpp">
      <Filter>ソース ファイル\Engine</Filter>
    </ClCompile>
    <ClCompile Include="DirectXApp\Object3D.cpp">
      <Filter>ソース ファイル\Engine</Filter>
    </ClCompile>
    <ClCompile Include="DirectXApp\ParticleManager.cpp">
      <Filter>ソース ファイル\Engine</Filter>
    </ClCompile>
    <ClCompile Include="DirectXApp\Quaternion.cpp">
      <Filter>ソース ファイル\Engine</Filter>
    </ClCompile>
    <ClCompile Include="DirectXApp\SceneViewer.cpp">
      <Filter>ソース ファイル\Engine</Filter>
    </ClCompile>
    <ClCompile Include="DirectXApp\Shader.cpp">
      <Filter>ソース ファイル\Engine</Filter>
    </ClCompile>
    <ClCompile Include="DirectXApp\Sprite.cpp">
      <Filter>ソース ファイル\Engine</Filter>
    </ClCompile>
    <ClCompile Include="DirectXApp\Timer.cpp">
      <Filter>ソース ファイル\Engine</Filter>
    </ClCompile>
    <ClCompile Include="DirectXApp\Vector2.cpp">
      <Filter>ソース ファイル\Engine</Filter>
    </ClCompile>
    <ClCompile Include="DirectXApp\Vector3.cpp">
      <Filter>ソース ファイル\Engine</Filter>
    </ClCompile>
    <ClCompile Include="DirectXApp\WinApp.cpp">
      <Filter>ソース ファイル\Engine</Filter>
    </ClCompile>
    <ClCompile Include="DirectXApp\DefaultScene.cpp">
      <Filter>ソース ファイル\Scene</Filter>
    </ClCompile>
    <ClCompile Include="DirectXApp\ClearScene.cpp">
      <Filter>ソース ファイル\Scene</Filter>
    </ClCompile>
    <ClCompile Include="DirectXApp\TitleScene.cpp">
      <Filter>ソース ファイル\Scene</Filter>
    </ClCompile>
    <ClCompile Include="DirectXApp\OverScene.cpp">
      <Filter>ソース ファイル\Scene</Filter>
    </ClCompile>
    <ClCompile Include="DirectXApp\Scene.cpp">
      <Filter>ソース ファイル\Engine</Filter>
    </ClCompile>
  </ItemGroup>
  <ItemGroup>
    <ClInclude Include="DirectXApp\WatashiEngine.h">
      <Filter>ヘッダー ファイル</Filter>
    </ClInclude>
    <ClInclude Include="DirectXApp\Player.h">
      <Filter>ヘッダー ファイル\GameObj</Filter>
    </ClInclude>
    <ClInclude Include="DirectXApp\Bullet.h">
      <Filter>ヘッダー ファイル\GameObj</Filter>
    </ClInclude>
    <ClInclude Include="DirectXApp\Enemy.h">
      <Filter>ヘッダー ファイル\GameObj</Filter>
    </ClInclude>
    <ClInclude Include="DirectXApp\Actor.h">
      <Filter>ヘッダー ファイル\Engine</Filter>
    </ClInclude>
    <ClInclude Include="DirectXApp\Audio.h">
      <Filter>ヘッダー ファイル\Engine</Filter>
    </ClInclude>
    <ClInclude Include="DirectXApp\Camera.h">
      <Filter>ヘッダー ファイル\Engine</Filter>
    </ClInclude>
    <ClInclude Include="DirectXApp\Collision.h">
      <Filter>ヘッダー ファイル\Engine</Filter>
    </ClInclude>
    <ClInclude Include="DirectXApp\CommonData.h">
      <Filter>ヘッダー ファイル\Engine</Filter>
    </ClInclude>
    <ClInclude Include="DirectXApp\Dx12App.h">
      <Filter>ヘッダー ファイル\Engine</Filter>
    </ClInclude>
    <ClInclude Include="DirectXApp\Easings.h">
      <Filter>ヘッダー ファイル\Engine</Filter>
    </ClInclude>
    <ClInclude Include="DirectXApp\FrameRate.h">
      <Filter>ヘッダー ファイル\Engine</Filter>
    </ClInclude>
    <ClInclude Include="DirectXApp\Gage.h">
      <Filter>ヘッダー ファイル\Engine</Filter>
    </ClInclude>
    <ClInclude Include="DirectXApp\Input.h">
      <Filter>ヘッダー ファイル\Engine</Filter>
    </ClInclude>
    <ClInclude Include="DirectXApp\Light.h">
      <Filter>ヘッダー ファイル\Engine</Filter>
    </ClInclude>
    <ClInclude Include="DirectXApp\Material.h">
      <Filter>ヘッダー ファイル\Engine</Filter>
    </ClInclude>
    <ClInclude Include="DirectXApp\Mesh.h">
      <Filter>ヘッダー ファイル\Engine</Filter>
    </ClInclude>
    <ClInclude Include="DirectXApp\Model.h">
      <Filter>ヘッダー ファイル\Engine</Filter>
    </ClInclude>
    <ClInclude Include="DirectXApp\Object3D.h">
      <Filter>ヘッダー ファイル\Engine</Filter>
    </ClInclude>
    <ClInclude Include="DirectXApp\ParticleManager.h">
      <Filter>ヘッダー ファイル\Engine</Filter>
    </ClInclude>
    <ClInclude Include="DirectXApp\Primitive.h">
      <Filter>ヘッダー ファイル\Engine</Filter>
    </ClInclude>
    <ClInclude Include="DirectXApp\Quaternion.h">
      <Filter>ヘッダー ファイル\Engine</Filter>
    </ClInclude>
    <ClInclude Include="DirectXApp\SceneViewer.h">
      <Filter>ヘッダー ファイル\Engine</Filter>
    </ClInclude>
    <ClInclude Include="DirectXApp\SDelete.h">
      <Filter>ヘッダー ファイル\Engine</Filter>
    </ClInclude>
    <ClInclude Include="DirectXApp\Shader.h">
      <Filter>ヘッダー ファイル\Engine</Filter>
    </ClInclude>
    <ClInclude Include="DirectXApp\Sprite.h">
      <Filter>ヘッダー ファイル\Engine</Filter>
    </ClInclude>
    <ClInclude Include="DirectXApp\Timer.h">
      <Filter>ヘッダー ファイル\Engine</Filter>
    </ClInclude>
    <ClInclude Include="DirectXApp\Vector2.h">
      <Filter>ヘッダー ファイル\Engine</Filter>
    </ClInclude>
    <ClInclude Include="DirectXApp\Vector3.h">
      <Filter>ヘッダー ファイル\Engine</Filter>
    </ClInclude>
    <ClInclude Include="DirectXApp\WinApp.h">
      <Filter>ヘッダー ファイル\Engine</Filter>
    </ClInclude>
    <ClInclude Include="DirectXApp\Singleton.h">
      <Filter>ヘッダー ファイル\Engine</Filter>
    </ClInclude>
    <ClInclude Include="DirectXApp\DefaultScene.h">
      <Filter>ヘッダー ファイル\Scene</Filter>
    </ClInclude>
    <ClInclude Include="DirectXApp\ClearScene.h">
      <Filter>ヘッダー ファイル\Scene</Filter>
    </ClInclude>
    <ClInclude Include="DirectXApp\TitleScene.h">
      <Filter>ヘッダー ファイル\Scene</Filter>
    </ClInclude>
    <ClInclude Include="DirectXApp\OverScene.h">
      <Filter>ヘッダー ファイル\Scene</Filter>
    </ClInclude>
    <ClInclude Include="Scene.h">
      <Filter>ヘッダー ファイル\Engine</Filter>
    </ClInclude>
    <ClInclude Include="DirectXApp\Scene.h">
      <Filter>ヘッダー ファイル\Engine</Filter>
    </ClInclude>
  </ItemGroup>
  <ItemGroup>
    <None Include="Resources\Shaders\OBJHeader.hlsli">
      <Filter>シェーダファイル</Filter>
    </None>
    <None Include="Resources\Shaders\Particle.hlsli">
      <Filter>シェーダファイル</Filter>
    </None>
    <None Include="Resources\Shaders\SpriteSH.hlsli">
      <Filter>シェーダファイル</Filter>
    </None>
  </ItemGroup>
  <ItemGroup>
    <FxCompile Include="Resources\Shaders\OBJPS_basic.hlsl">
      <Filter>シェーダファイル</Filter>
    </FxCompile>
    <FxCompile Include="Resources\Shaders\OBJPS_phong.hlsl">
      <Filter>シェーダファイル</Filter>
    </FxCompile>
    <FxCompile Include="Resources\Shaders\OBJPS_toon.hlsl">
      <Filter>シェーダファイル</Filter>
    </FxCompile>
    <FxCompile Include="Resources\Shaders\OBJVS_basic.hlsl">
      <Filter>シェーダファイル</Filter>
    </FxCompile>
    <FxCompile Include="Resources\Shaders\OBJVS_phong.hlsl">
      <Filter>シェーダファイル</Filter>
    </FxCompile>
    <FxCompile Include="Resources\Shaders\OBJVS_toon.hlsl">
      <Filter>シェーダファイル</Filter>
    </FxCompile>
    <FxCompile Include="Resources\Shaders\ParticleGS.hlsl">
      <Filter>シェーダファイル</Filter>
    </FxCompile>
    <FxCompile Include="Resources\Shaders\ParticlePS.hlsl">
      <Filter>シェーダファイル</Filter>
    </FxCompile>
    <FxCompile Include="Resources\Shaders\ParticleVS.hlsl">
      <Filter>シェーダファイル</Filter>
    </FxCompile>
    <FxCompile Include="Resources\Shaders\SpritePS.hlsl">
      <Filter>シェーダファイル</Filter>
    </FxCompile>
    <FxCompile Include="Resources\Shaders\SpriteVS.hlsl">
      <Filter>シェーダファイル</Filter>
    </FxCompile>
  </ItemGroup>
</Project>